
Microsoft Visual Studio Solution File, Format Version 12.00
# Visual Studio Version 16
VisualStudioVersion = 16.0.30204.135
MinimumVisualStudioVersion = 10.0.40219.1
Project("{2150E333-8FDC-42A3-9474-1A3956D46DE8}") = "src", "src", "{E3BF28D8-3E7A-42F4-B001-65DF4378FF96}"
EndProject
Project("{FAE04EC0-301F-11D3-BF4B-00C04F79EFBC}") = "Onebrb.Web", "Onebrb.Web\Onebrb.Web.csproj", "{D2D7F567-FECA-44AD-B287-0B42E82C713A}"
EndProject
Project("{FAE04EC0-301F-11D3-BF4B-00C04F79EFBC}") = "Onebrb.Core", "Onebrb.Core\Onebrb.Core.csproj", "{C491FE7A-5C7E-40B8-8F65-23E233E534D2}"
EndProject
Project("{FAE04EC0-301F-11D3-BF4B-00C04F79EFBC}") = "Onebrb.Infrastructure", "Onebrb.Infrastructure\Onebrb.Infrastructure.csproj", "{78263ED4-C2F6-4790-A282-00FEC287F810}"
EndProject
Project("{2150E333-8FDC-42A3-9474-1A3956D46DE8}") = "tests", "tests", "{A6FC1DE1-CDD9-463E-B43F-6B1733B5B1FF}"
EndProject
Global
	GlobalSection(SolutionConfigurationPlatforms) = preSolution
		Debug|Any CPU = Debug|Any CPU
		Release|Any CPU = Release|Any CPU
	EndGlobalSection
	GlobalSection(ProjectConfigurationPlatforms) = postSolution
		{D2D7F567-FECA-44AD-B287-0B42E82C713A}.Debug|Any CPU.ActiveCfg = Debug|Any CPU
		{D2D7F567-FECA-44AD-B287-0B42E82C713A}.Debug|Any CPU.Build.0 = Debug|Any CPU
		{D2D7F567-FECA-44AD-B287-0B42E82C713A}.Release|Any CPU.ActiveCfg = Release|Any CPU
		{D2D7F567-FECA-44AD-B287-0B42E82C713A}.Release|Any CPU.Build.0 = Release|Any CPU
		{C491FE7A-5C7E-40B8-8F65-23E233E534D2}.Debug|Any CPU.ActiveCfg = Debug|Any CPU
		{C491FE7A-5C7E-40B8-8F65-23E233E534D2}.Debug|Any CPU.Build.0 = Debug|Any CPU
		{C491FE7A-5C7E-40B8-8F65-23E233E534D2}.Release|Any CPU.ActiveCfg = Release|Any CPU
		{C491FE7A-5C7E-40B8-8F65-23E233E534D2}.Release|Any CPU.Build.0 = Release|Any CPU
		{78263ED4-C2F6-4790-A282-00FEC287F810}.Debug|Any CPU.ActiveCfg = Debug|Any CPU
		{78263ED4-C2F6-4790-A282-00FEC287F810}.Debug|Any CPU.Build.0 = Debug|Any CPU
		{78263ED4-C2F6-4790-A282-00FEC287F810}.Release|Any CPU.ActiveCfg = Release|Any CPU
		{78263ED4-C2F6-4790-A282-00FEC287F810}.Release|Any CPU.Build.0 = Release|Any CPU
	EndGlobalSection
	GlobalSection(SolutionProperties) = preSolution
		HideSolutionNode = FALSE
	EndGlobalSection
	GlobalSection(NestedProjects) = preSolution
		{D2D7F567-FECA-44AD-B287-0B42E82C713A} = {E3BF28D8-3E7A-42F4-B001-65DF4378FF96}
		{C491FE7A-5C7E-40B8-8F65-23E233E534D2} = {E3BF28D8-3E7A-42F4-B001-65DF4378FF96}
		{78263ED4-C2F6-4790-A282-00FEC287F810} = {E3BF28D8-3E7A-42F4-B001-65DF4378FF96}
	EndGlobalSection
	GlobalSection(ExtensibilityGlobals) = postSolution
		SolutionGuid = {8A3F4AB8-2ADB-4364-B4D4-E3D8EF821CA6}
	EndGlobalSection
EndGlobal
